<?xml version="1.0" encoding="utf-8"?>
<Project ToolsVersion="4.0" xmlns="http://schemas.microsoft.com/developer/msbuild/2003">
  <ItemGroup>
    <Filter Include="Archivos de origen">
      <UniqueIdentifier>{4FC737F1-C7A5-4376-A066-2A32D752A2FF}</UniqueIdentifier>
      <Extensions>cpp;c;cc;cxx;c++;cppm;ixx;def;odl;idl;hpj;bat;asm;asmx</Extensions>
    </Filter>
    <Filter Include="Archivos de encabezado">
      <UniqueIdentifier>{93995380-89BD-4b04-88EB-625FBE52EBFB}</UniqueIdentifier>
      <Extensions>h;hh;hpp;hxx;h++;hm;inl;inc;ipp;xsd</Extensions>
    </Filter>
    <Filter Include="Archivos de recursos">
      <UniqueIdentifier>{67DA6AB6-F800-4c08-8B7A-83BB121AAD01}</UniqueIdentifier>
      <Extensions>rc;ico;cur;bmp;dlg;rc2;rct;bin;rgs;gif;jpg;jpeg;jpe;resx;tiff;tif;png;wav;mfcribbon-ms</Extensions>
    </Filter>
    <Filter Include="Archivos de encabezado\Enemigos">
      <UniqueIdentifier>{2032db49-790f-46b2-8173-b400c9fb7b7d}</UniqueIdentifier>
    </Filter>
    <Filter Include="Archivos de encabezado\Aliados">
      <UniqueIdentifier>{58ff269c-c207-47f2-9e5c-9ae6a89df8e7}</UniqueIdentifier>
    </Filter>
    <Filter Include="Archivos de encabezado\Niveles">
      <UniqueIdentifier>{b0eb8730-85e0-45f1-8a51-ff6e430a5bd3}</UniqueIdentifier>
    </Filter>
    <Filter Include="Archivos de encabezado\Gestores">
      <UniqueIdentifier>{acff0bf9-67d5-4204-8c11-63f4c105d8cc}</UniqueIdentifier>
    </Filter>
  </ItemGroup>
  <ItemGroup>
    <ClCompile Include="Nivel1.cpp">
      <Filter>Archivos de origen</Filter>
    </ClCompile>
    <ClCompile Include="Nivel2.cpp">
      <Filter>Archivos de origen</Filter>
    </ClCompile>
    <ClCompile Include="Nivel3.cpp">
      <Filter>Archivos de origen</Filter>
    </ClCompile>
    <ClCompile Include="MyForm.cpp">
      <Filter>Archivos de origen</Filter>
    </ClCompile>
  </ItemGroup>
  <ItemGroup>
    <ClInclude Include="Entidad.h">
      <Filter>Archivos de encabezado</Filter>
    </ClInclude>
    <ClInclude Include="Jugador.h">
      <Filter>Archivos de encabezado</Filter>
    </ClInclude>
    <ClInclude Include="Nivel1.h">
      <Filter>Archivos de encabezado</Filter>
    </ClInclude>
    <ClInclude Include="Nivel2.h">
      <Filter>Archivos de encabezado</Filter>
    </ClInclude>
    <ClInclude Include="Nivel3.h">
      <Filter>Archivos de encabezado</Filter>
    </ClInclude>
    <ClInclude Include="MyForm.h">
      <Filter>Archivos de encabezado</Filter>
    </ClInclude>
    <ClInclude Include="Recursos.h">
      <Filter>Archivos de encabezado</Filter>
    </ClInclude>
    <ClInclude Include="Bala.h">
      <Filter>Archivos de encabezado</Filter>
    </ClInclude>
    <ClInclude Include="Helicoptero.h">
      <Filter>Archivos de encabezado\Enemigos</Filter>
    </ClInclude>
    <ClInclude Include="Bomba.h">
      <Filter>Archivos de encabezado\Enemigos</Filter>
    </ClInclude>
    <ClInclude Include="Soldado.h">
      <Filter>Archivos de encabezado\Enemigos</Filter>
    </ClInclude>
    <ClInclude Include="Serpiente.h">
      <Filter>Archivos de encabezado\Enemigos</Filter>
    </ClInclude>
    <ClInclude Include="Avion.h">
      <Filter>Archivos de encabezado\Enemigos</Filter>
    </ClInclude>
    <ClInclude Include="Niveles.h">
      <Filter>Archivos de encabezado\Niveles</Filter>
    </ClInclude>
    <ClInclude Include="Power.h">
      <Filter>Archivos de encabezado\Aliados</Filter>
    </ClInclude>
    <ClInclude Include="AvionAliado.h">
      <Filter>Archivos de encabezado\Aliados</Filter>
    </ClInclude>
    <ClInclude Include="Mono.h">
      <Filter>Archivos de encabezado\Aliados</Filter>
    </ClInclude>
    <ClInclude Include="Kami.h">
      <Filter>Archivos de encabezado\Enemigos</Filter>
    </ClInclude>
    <ClInclude Include="GeEnemigos.h">
      <Filter>Archivos de encabezado\Gestores</Filter>
    </ClInclude>
    <ClInclude Include="GeAliados.h">
      <Filter>Archivos de encabezado\Gestores</Filter>
    </ClInclude>
  </ItemGroup>
</Project>